
Microsoft Visual Studio Solution File, Format Version 12.00
# Visual Studio Version 17
VisualStudioVersion = 17.0.32112.339
MinimumVisualStudioVersion = 10.0.40219.1
Project("{FAE04EC0-301F-11D3-BF4B-00C04F79EFBC}") = "CustomException", "CustomException\CustomException.csproj", "{CAC2505C-83F4-48FA-A162-03F2E7409BB0}"
EndProject
Global
	GlobalSection(SolutionConfigurationPlatforms) = preSolution
		Debug|Any CPU = Debug|Any CPU
		Release|Any CPU = Release|Any CPU
	EndGlobalSection
	GlobalSection(ProjectConfigurationPlatforms) = postSolution
		{CAC2505C-83F4-48FA-A162-03F2E7409BB0}.Debug|Any CPU.ActiveCfg = Debug|Any CPU
		{CAC2505C-83F4-48FA-A162-03F2E7409BB0}.Debug|Any CPU.Build.0 = Debug|Any CPU
		{CAC2505C-83F4-48FA-A162-03F2E7409BB0}.Release|Any CPU.ActiveCfg = Release|Any CPU
		{CAC2505C-83F4-48FA-A162-03F2E7409BB0}.Release|Any CPU.Build.0 = Release|Any CPU
	EndGlobalSection
	GlobalSection(SolutionProperties) = preSolution
		HideSolutionNode = FALSE
	EndGlobalSection
	GlobalSection(ExtensibilityGlobals) = postSolution
		SolutionGuid = {32D2CA03-DA6C-4836-B4BB-FCE800FF3BA1}
	EndGlobalSection
EndGlobal
